
Microsoft Visual Studio Solution File, Format Version 12.00
# Visual Studio Version 16
VisualStudioVersion = 16.0.30517.126
MinimumVisualStudioVersion = 10.0.40219.1
Project("{FAE04EC0-301F-11D3-BF4B-00C04F79EFBC}") = "Enumeração", "Enumeração\Enumeração.csproj", "{E8221CF6-0F4C-475F-930E-3CF198601F78}"
EndProject
Global
	GlobalSection(SolutionConfigurationPlatforms) = preSolution
		Debug|Any CPU = Debug|Any CPU
		Release|Any CPU = Release|Any CPU
	EndGlobalSection
	GlobalSection(ProjectConfigurationPlatforms) = postSolution
		{E8221CF6-0F4C-475F-930E-3CF198601F78}.Debug|Any CPU.ActiveCfg = Debug|Any CPU
		{E8221CF6-0F4C-475F-930E-3CF198601F78}.Debug|Any CPU.Build.0 = Debug|Any CPU
		{E8221CF6-0F4C-475F-930E-3CF198601F78}.Release|Any CPU.ActiveCfg = Release|Any CPU
		{E8221CF6-0F4C-475F-930E-3CF198601F78}.Release|Any CPU.Build.0 = Release|Any CPU
	EndGlobalSection
	GlobalSection(SolutionProperties) = preSolution
		HideSolutionNode = FALSE
	EndGlobalSection
	GlobalSection(ExtensibilityGlobals) = postSolution
		SolutionGuid = {960D6B96-ED4F-4D4B-ADC4-E1F8CCA39BB1}
	EndGlobalSection
EndGlobal
